
Microsoft Visual Studio Solution File, Format Version 12.00
# Visual Studio Version 17
VisualStudioVersion = 17.0.31903.59
MinimumVisualStudioVersion = 10.0.40219.1
Project("{2150E333-8FDC-42A3-9474-1A3956D46DE8}") = "src", "src", "{827E0CD3-B72D-47B6-A68D-7590B98EB39B}"
EndProject
Project("{2150E333-8FDC-42A3-9474-1A3956D46DE8}") = "Services", "Services", "{984BB9B3-3FA3-BE33-9484-CAC21695A33C}"
EndProject
Project("{2150E333-8FDC-42A3-9474-1A3956D46DE8}") = "Gateway.Bff", "Gateway.Bff", "{F03ED172-0ED1-AB8C-17D8-24898F8465ED}"
EndProject
Project("{FAE04EC0-301F-11D3-BF4B-00C04F79EFBC}") = "MsContractor.Gateway.Bff", "src\Services\Gateway.Bff\MsContractor.Gateway.Bff.csproj", "{3BCECCFF-314D-4FE4-BE8B-A616ED4DAD90}"
EndProject
Project("{2150E333-8FDC-42A3-9474-1A3956D46DE8}") = "VendorService", "VendorService", "{A22DCAFD-0637-0365-6551-80BF71122418}"
EndProject
Project("{FAE04EC0-301F-11D3-BF4B-00C04F79EFBC}") = "MsContractor.VendorService", "src\Services\VendorService\MsContractor.VendorService.csproj", "{2A31EEAF-A3F5-4E25-9170-94CD22032212}"
EndProject
Project("{2150E333-8FDC-42A3-9474-1A3956D46DE8}") = "MoySkladEgressService", "MoySkladEgressService", "{42C1765E-F7CA-E239-7E92-6FCF4B303D54}"
EndProject
Project("{FAE04EC0-301F-11D3-BF4B-00C04F79EFBC}") = "MsContractor.MoySkladEgressService", "src\Services\MoySkladEgressService\MsContractor.MoySkladEgressService.csproj", "{FAB0F1E9-A277-485F-A938-A41D32FA9C0A}"
EndProject
Project("{2150E333-8FDC-42A3-9474-1A3956D46DE8}") = "CatalogSyncService", "CatalogSyncService", "{C3BE0C6A-8898-1FC3-6972-6FE29990DBA0}"
EndProject
Project("{FAE04EC0-301F-11D3-BF4B-00C04F79EFBC}") = "MsContractor.CatalogSyncService", "src\Services\CatalogSyncService\MsContractor.CatalogSyncService.csproj", "{56DEFACC-3351-4B26-8918-4519FB01EC48}"
EndProject
Project("{2150E333-8FDC-42A3-9474-1A3956D46DE8}") = "DuplicatesMergeService", "DuplicatesMergeService", "{6F9A2951-DF97-0415-D2DB-717F208C8AA2}"
EndProject
Project("{FAE04EC0-301F-11D3-BF4B-00C04F79EFBC}") = "MsContractor.DuplicatesMergeService", "src\Services\DuplicatesMergeService\MsContractor.DuplicatesMergeService.csproj", "{1D8B7B82-2F67-4057-A9EF-08D3F261A15B}"
EndProject
Project("{2150E333-8FDC-42A3-9474-1A3956D46DE8}") = "NotificationService", "NotificationService", "{47931FAB-DBE1-FD8F-0AFF-2CD4B99C52C4}"
EndProject
Project("{FAE04EC0-301F-11D3-BF4B-00C04F79EFBC}") = "MsContractor.NotificationService", "src\Services\NotificationService\MsContractor.NotificationService.csproj", "{3F1682D1-D71D-4206-A8EC-0BB0572776AB}"
EndProject
Project("{2150E333-8FDC-42A3-9474-1A3956D46DE8}") = "AuditService", "AuditService", "{9FC3EE6B-386E-8F45-CBE4-90A7CBC48FD1}"
EndProject
Project("{FAE04EC0-301F-11D3-BF4B-00C04F79EFBC}") = "MsContractor.AuditService", "src\Services\AuditService\MsContractor.AuditService.csproj", "{E6ED225F-1449-4139-AD4B-91670DB8769E}"
EndProject
Project("{2150E333-8FDC-42A3-9474-1A3956D46DE8}") = "Shared", "Shared", "{C8E42992-5E42-0C2B-DBFE-AA848D06431C}"
EndProject
Project("{FAE04EC0-301F-11D3-BF4B-00C04F79EFBC}") = "MsContractor.Contracts", "src\Shared\MsContractor.Contracts\MsContractor.Contracts.csproj", "{C7A4E26D-5C17-4A77-AAC7-66D022234CCC}"
EndProject
Project("{FAE04EC0-301F-11D3-BF4B-00C04F79EFBC}") = "MsContractor.BuildingBlocks", "src\Shared\MsContractor.BuildingBlocks\MsContractor.BuildingBlocks.csproj", "{18BBFD89-7BC9-421E-A191-258150B8D795}"
EndProject
Global
	GlobalSection(SolutionConfigurationPlatforms) = preSolution
		Debug|Any CPU = Debug|Any CPU
		Debug|x64 = Debug|x64
		Debug|x86 = Debug|x86
		Release|Any CPU = Release|Any CPU
		Release|x64 = Release|x64
		Release|x86 = Release|x86
	EndGlobalSection
	GlobalSection(ProjectConfigurationPlatforms) = postSolution
		{3BCECCFF-314D-4FE4-BE8B-A616ED4DAD90}.Debug|Any CPU.ActiveCfg = Debug|Any CPU
		{3BCECCFF-314D-4FE4-BE8B-A616ED4DAD90}.Debug|Any CPU.Build.0 = Debug|Any CPU
		{3BCECCFF-314D-4FE4-BE8B-A616ED4DAD90}.Debug|x64.ActiveCfg = Debug|Any CPU
		{3BCECCFF-314D-4FE4-BE8B-A616ED4DAD90}.Debug|x64.Build.0 = Debug|Any CPU
		{3BCECCFF-314D-4FE4-BE8B-A616ED4DAD90}.Debug|x86.ActiveCfg = Debug|Any CPU
		{3BCECCFF-314D-4FE4-BE8B-A616ED4DAD90}.Debug|x86.Build.0 = Debug|Any CPU
		{3BCECCFF-314D-4FE4-BE8B-A616ED4DAD90}.Release|Any CPU.ActiveCfg = Release|Any CPU
		{3BCECCFF-314D-4FE4-BE8B-A616ED4DAD90}.Release|Any CPU.Build.0 = Release|Any CPU
		{3BCECCFF-314D-4FE4-BE8B-A616ED4DAD90}.Release|x64.ActiveCfg = Release|Any CPU
		{3BCECCFF-314D-4FE4-BE8B-A616ED4DAD90}.Release|x64.Build.0 = Release|Any CPU
		{3BCECCFF-314D-4FE4-BE8B-A616ED4DAD90}.Release|x86.ActiveCfg = Release|Any CPU
		{3BCECCFF-314D-4FE4-BE8B-A616ED4DAD90}.Release|x86.Build.0 = Release|Any CPU
		{2A31EEAF-A3F5-4E25-9170-94CD22032212}.Debug|Any CPU.ActiveCfg = Debug|Any CPU
		{2A31EEAF-A3F5-4E25-9170-94CD22032212}.Debug|Any CPU.Build.0 = Debug|Any CPU
		{2A31EEAF-A3F5-4E25-9170-94CD22032212}.Debug|x64.ActiveCfg = Debug|Any CPU
		{2A31EEAF-A3F5-4E25-9170-94CD22032212}.Debug|x64.Build.0 = Debug|Any CPU
		{2A31EEAF-A3F5-4E25-9170-94CD22032212}.Debug|x86.ActiveCfg = Debug|Any CPU
		{2A31EEAF-A3F5-4E25-9170-94CD22032212}.Debug|x86.Build.0 = Debug|Any CPU
		{2A31EEAF-A3F5-4E25-9170-94CD22032212}.Release|Any CPU.ActiveCfg = Release|Any CPU
		{2A31EEAF-A3F5-4E25-9170-94CD22032212}.Release|Any CPU.Build.0 = Release|Any CPU
		{2A31EEAF-A3F5-4E25-9170-94CD22032212}.Release|x64.ActiveCfg = Release|Any CPU
		{2A31EEAF-A3F5-4E25-9170-94CD22032212}.Release|x64.Build.0 = Release|Any CPU
		{2A31EEAF-A3F5-4E25-9170-94CD22032212}.Release|x86.ActiveCfg = Release|Any CPU
		{2A31EEAF-A3F5-4E25-9170-94CD22032212}.Release|x86.Build.0 = Release|Any CPU
		{FAB0F1E9-A277-485F-A938-A41D32FA9C0A}.Debug|Any CPU.ActiveCfg = Debug|Any CPU
		{FAB0F1E9-A277-485F-A938-A41D32FA9C0A}.Debug|Any CPU.Build.0 = Debug|Any CPU
		{FAB0F1E9-A277-485F-A938-A41D32FA9C0A}.Debug|x64.ActiveCfg = Debug|Any CPU
		{FAB0F1E9-A277-485F-A938-A41D32FA9C0A}.Debug|x64.Build.0 = Debug|Any CPU
		{FAB0F1E9-A277-485F-A938-A41D32FA9C0A}.Debug|x86.ActiveCfg = Debug|Any CPU
		{FAB0F1E9-A277-485F-A938-A41D32FA9C0A}.Debug|x86.Build.0 = Debug|Any CPU
		{FAB0F1E9-A277-485F-A938-A41D32FA9C0A}.Release|Any CPU.ActiveCfg = Release|Any CPU
		{FAB0F1E9-A277-485F-A938-A41D32FA9C0A}.Release|Any CPU.Build.0 = Release|Any CPU
		{FAB0F1E9-A277-485F-A938-A41D32FA9C0A}.Release|x64.ActiveCfg = Release|Any CPU
		{FAB0F1E9-A277-485F-A938-A41D32FA9C0A}.Release|x64.Build.0 = Release|Any CPU
		{FAB0F1E9-A277-485F-A938-A41D32FA9C0A}.Release|x86.ActiveCfg = Release|Any CPU
		{FAB0F1E9-A277-485F-A938-A41D32FA9C0A}.Release|x86.Build.0 = Release|Any CPU
		{56DEFACC-3351-4B26-8918-4519FB01EC48}.Debug|Any CPU.ActiveCfg = Debug|Any CPU
		{56DEFACC-3351-4B26-8918-4519FB01EC48}.Debug|Any CPU.Build.0 = Debug|Any CPU
		{56DEFACC-3351-4B26-8918-4519FB01EC48}.Debug|x64.ActiveCfg = Debug|Any CPU
		{56DEFACC-3351-4B26-8918-4519FB01EC48}.Debug|x64.Build.0 = Debug|Any CPU
		{56DEFACC-3351-4B26-8918-4519FB01EC48}.Debug|x86.ActiveCfg = Debug|Any CPU
		{56DEFACC-3351-4B26-8918-4519FB01EC48}.Debug|x86.Build.0 = Debug|Any CPU
		{56DEFACC-3351-4B26-8918-4519FB01EC48}.Release|Any CPU.ActiveCfg = Release|Any CPU
		{56DEFACC-3351-4B26-8918-4519FB01EC48}.Release|Any CPU.Build.0 = Release|Any CPU
		{56DEFACC-3351-4B26-8918-4519FB01EC48}.Release|x64.ActiveCfg = Release|Any CPU
		{56DEFACC-3351-4B26-8918-4519FB01EC48}.Release|x64.Build.0 = Release|Any CPU
		{56DEFACC-3351-4B26-8918-4519FB01EC48}.Release|x86.ActiveCfg = Release|Any CPU
		{56DEFACC-3351-4B26-8918-4519FB01EC48}.Release|x86.Build.0 = Release|Any CPU
		{1D8B7B82-2F67-4057-A9EF-08D3F261A15B}.Debug|Any CPU.ActiveCfg = Debug|Any CPU
		{1D8B7B82-2F67-4057-A9EF-08D3F261A15B}.Debug|Any CPU.Build.0 = Debug|Any CPU
		{1D8B7B82-2F67-4057-A9EF-08D3F261A15B}.Debug|x64.ActiveCfg = Debug|Any CPU
		{1D8B7B82-2F67-4057-A9EF-08D3F261A15B}.Debug|x64.Build.0 = Debug|Any CPU
		{1D8B7B82-2F67-4057-A9EF-08D3F261A15B}.Debug|x86.ActiveCfg = Debug|Any CPU
		{1D8B7B82-2F67-4057-A9EF-08D3F261A15B}.Debug|x86.Build.0 = Debug|Any CPU
		{1D8B7B82-2F67-4057-A9EF-08D3F261A15B}.Release|Any CPU.ActiveCfg = Release|Any CPU
		{1D8B7B82-2F67-4057-A9EF-08D3F261A15B}.Release|Any CPU.Build.0 = Release|Any CPU
		{1D8B7B82-2F67-4057-A9EF-08D3F261A15B}.Release|x64.ActiveCfg = Release|Any CPU
		{1D8B7B82-2F67-4057-A9EF-08D3F261A15B}.Release|x64.Build.0 = Release|Any CPU
		{1D8B7B82-2F67-4057-A9EF-08D3F261A15B}.Release|x86.ActiveCfg = Release|Any CPU
		{1D8B7B82-2F67-4057-A9EF-08D3F261A15B}.Release|x86.Build.0 = Release|Any CPU
		{3F1682D1-D71D-4206-A8EC-0BB0572776AB}.Debug|Any CPU.ActiveCfg = Debug|Any CPU
		{3F1682D1-D71D-4206-A8EC-0BB0572776AB}.Debug|Any CPU.Build.0 = Debug|Any CPU
		{3F1682D1-D71D-4206-A8EC-0BB0572776AB}.Debug|x64.ActiveCfg = Debug|Any CPU
		{3F1682D1-D71D-4206-A8EC-0BB0572776AB}.Debug|x64.Build.0 = Debug|Any CPU
		{3F1682D1-D71D-4206-A8EC-0BB0572776AB}.Debug|x86.ActiveCfg = Debug|Any CPU
		{3F1682D1-D71D-4206-A8EC-0BB0572776AB}.Debug|x86.Build.0 = Debug|Any CPU
		{3F1682D1-D71D-4206-A8EC-0BB0572776AB}.Release|Any CPU.ActiveCfg = Release|Any CPU
		{3F1682D1-D71D-4206-A8EC-0BB0572776AB}.Release|Any CPU.Build.0 = Release|Any CPU
		{3F1682D1-D71D-4206-A8EC-0BB0572776AB}.Release|x64.ActiveCfg = Release|Any CPU
		{3F1682D1-D71D-4206-A8EC-0BB0572776AB}.Release|x64.Build.0 = Release|Any CPU
		{3F1682D1-D71D-4206-A8EC-0BB0572776AB}.Release|x86.ActiveCfg = Release|Any CPU
		{3F1682D1-D71D-4206-A8EC-0BB0572776AB}.Release|x86.Build.0 = Release|Any CPU
		{E6ED225F-1449-4139-AD4B-91670DB8769E}.Debug|Any CPU.ActiveCfg = Debug|Any CPU
		{E6ED225F-1449-4139-AD4B-91670DB8769E}.Debug|Any CPU.Build.0 = Debug|Any CPU
		{E6ED225F-1449-4139-AD4B-91670DB8769E}.Debug|x64.ActiveCfg = Debug|Any CPU
		{E6ED225F-1449-4139-AD4B-91670DB8769E}.Debug|x64.Build.0 = Debug|Any CPU
		{E6ED225F-1449-4139-AD4B-91670DB8769E}.Debug|x86.ActiveCfg = Debug|Any CPU
		{E6ED225F-1449-4139-AD4B-91670DB8769E}.Debug|x86.Build.0 = Debug|Any CPU
		{E6ED225F-1449-4139-AD4B-91670DB8769E}.Release|Any CPU.ActiveCfg = Release|Any CPU
		{E6ED225F-1449-4139-AD4B-91670DB8769E}.Release|Any CPU.Build.0 = Release|Any CPU
		{E6ED225F-1449-4139-AD4B-91670DB8769E}.Release|x64.ActiveCfg = Release|Any CPU
		{E6ED225F-1449-4139-AD4B-91670DB8769E}.Release|x64.Build.0 = Release|Any CPU
		{E6ED225F-1449-4139-AD4B-91670DB8769E}.Release|x86.ActiveCfg = Release|Any CPU
		{E6ED225F-1449-4139-AD4B-91670DB8769E}.Release|x86.Build.0 = Release|Any CPU
		{C7A4E26D-5C17-4A77-AAC7-66D022234CCC}.Debug|Any CPU.ActiveCfg = Debug|Any CPU
		{C7A4E26D-5C17-4A77-AAC7-66D022234CCC}.Debug|Any CPU.Build.0 = Debug|Any CPU
		{C7A4E26D-5C17-4A77-AAC7-66D022234CCC}.Debug|x64.ActiveCfg = Debug|Any CPU
		{C7A4E26D-5C17-4A77-AAC7-66D022234CCC}.Debug|x64.Build.0 = Debug|Any CPU
		{C7A4E26D-5C17-4A77-AAC7-66D022234CCC}.Debug|x86.ActiveCfg = Debug|Any CPU
		{C7A4E26D-5C17-4A77-AAC7-66D022234CCC}.Debug|x86.Build.0 = Debug|Any CPU
		{C7A4E26D-5C17-4A77-AAC7-66D022234CCC}.Release|Any CPU.ActiveCfg = Release|Any CPU
		{C7A4E26D-5C17-4A77-AAC7-66D022234CCC}.Release|Any CPU.Build.0 = Release|Any CPU
		{C7A4E26D-5C17-4A77-AAC7-66D022234CCC}.Release|x64.ActiveCfg = Release|Any CPU
		{C7A4E26D-5C17-4A77-AAC7-66D022234CCC}.Release|x64.Build.0 = Release|Any CPU
		{C7A4E26D-5C17-4A77-AAC7-66D022234CCC}.Release|x86.ActiveCfg = Release|Any CPU
		{C7A4E26D-5C17-4A77-AAC7-66D022234CCC}.Release|x86.Build.0 = Release|Any CPU
		{18BBFD89-7BC9-421E-A191-258150B8D795}.Debug|Any CPU.ActiveCfg = Debug|Any CPU
		{18BBFD89-7BC9-421E-A191-258150B8D795}.Debug|Any CPU.Build.0 = Debug|Any CPU
		{18BBFD89-7BC9-421E-A191-258150B8D795}.Debug|x64.ActiveCfg = Debug|Any CPU
		{18BBFD89-7BC9-421E-A191-258150B8D795}.Debug|x64.Build.0 = Debug|Any CPU
		{18BBFD89-7BC9-421E-A191-258150B8D795}.Debug|x86.ActiveCfg = Debug|Any CPU
		{18BBFD89-7BC9-421E-A191-258150B8D795}.Debug|x86.Build.0 = Debug|Any CPU
		{18BBFD89-7BC9-421E-A191-258150B8D795}.Release|Any CPU.ActiveCfg = Release|Any CPU
		{18BBFD89-7BC9-421E-A191-258150B8D795}.Release|Any CPU.Build.0 = Release|Any CPU
		{18BBFD89-7BC9-421E-A191-258150B8D795}.Release|x64.ActiveCfg = Release|Any CPU
		{18BBFD89-7BC9-421E-A191-258150B8D795}.Release|x64.Build.0 = Release|Any CPU
		{18BBFD89-7BC9-421E-A191-258150B8D795}.Release|x86.ActiveCfg = Release|Any CPU
		{18BBFD89-7BC9-421E-A191-258150B8D795}.Release|x86.Build.0 = Release|Any CPU
	EndGlobalSection
	GlobalSection(SolutionProperties) = preSolution
		HideSolutionNode = FALSE
	EndGlobalSection
	GlobalSection(NestedProjects) = preSolution
		{984BB9B3-3FA3-BE33-9484-CAC21695A33C} = {827E0CD3-B72D-47B6-A68D-7590B98EB39B}
		{F03ED172-0ED1-AB8C-17D8-24898F8465ED} = {984BB9B3-3FA3-BE33-9484-CAC21695A33C}
		{3BCECCFF-314D-4FE4-BE8B-A616ED4DAD90} = {F03ED172-0ED1-AB8C-17D8-24898F8465ED}
		{A22DCAFD-0637-0365-6551-80BF71122418} = {984BB9B3-3FA3-BE33-9484-CAC21695A33C}
		{2A31EEAF-A3F5-4E25-9170-94CD22032212} = {A22DCAFD-0637-0365-6551-80BF71122418}
		{42C1765E-F7CA-E239-7E92-6FCF4B303D54} = {984BB9B3-3FA3-BE33-9484-CAC21695A33C}
		{FAB0F1E9-A277-485F-A938-A41D32FA9C0A} = {42C1765E-F7CA-E239-7E92-6FCF4B303D54}
		{C3BE0C6A-8898-1FC3-6972-6FE29990DBA0} = {984BB9B3-3FA3-BE33-9484-CAC21695A33C}
		{56DEFACC-3351-4B26-8918-4519FB01EC48} = {C3BE0C6A-8898-1FC3-6972-6FE29990DBA0}
		{6F9A2951-DF97-0415-D2DB-717F208C8AA2} = {984BB9B3-3FA3-BE33-9484-CAC21695A33C}
		{1D8B7B82-2F67-4057-A9EF-08D3F261A15B} = {6F9A2951-DF97-0415-D2DB-717F208C8AA2}
		{47931FAB-DBE1-FD8F-0AFF-2CD4B99C52C4} = {984BB9B3-3FA3-BE33-9484-CAC21695A33C}
		{3F1682D1-D71D-4206-A8EC-0BB0572776AB} = {47931FAB-DBE1-FD8F-0AFF-2CD4B99C52C4}
		{9FC3EE6B-386E-8F45-CBE4-90A7CBC48FD1} = {984BB9B3-3FA3-BE33-9484-CAC21695A33C}
		{E6ED225F-1449-4139-AD4B-91670DB8769E} = {9FC3EE6B-386E-8F45-CBE4-90A7CBC48FD1}
		{C8E42992-5E42-0C2B-DBFE-AA848D06431C} = {827E0CD3-B72D-47B6-A68D-7590B98EB39B}
		{C7A4E26D-5C17-4A77-AAC7-66D022234CCC} = {C8E42992-5E42-0C2B-DBFE-AA848D06431C}
		{18BBFD89-7BC9-421E-A191-258150B8D795} = {C8E42992-5E42-0C2B-DBFE-AA848D06431C}
	EndGlobalSection
EndGlobal
