
Microsoft Visual Studio Solution File, Format Version 12.00
# Visual Studio Version 17
VisualStudioVersion = 17.0.31903.59
MinimumVisualStudioVersion = 10.0.40219.1
Project("{FAE04EC0-301F-11D3-BF4B-00C04F79EFBC}") = "MergeVerifier", "MergeVerifier\MergeVerifier.csproj", "{6A36DDB2-B4EA-4D34-9980-9E7F7D581BFF}"
EndProject
Project("{FAE04EC0-301F-11D3-BF4B-00C04F79EFBC}") = "MergeVerifier.Tests", "MergeVerifier.Tests\MergeVerifier.Tests.csproj", "{D974E507-C397-4828-8C71-90AF3B2DEF2B}"
EndProject
Global
	GlobalSection(SolutionConfigurationPlatforms) = preSolution
		Debug|Any CPU = Debug|Any CPU
		Debug|x64 = Debug|x64
		Debug|x86 = Debug|x86
		Release|Any CPU = Release|Any CPU
		Release|x64 = Release|x64
		Release|x86 = Release|x86
	EndGlobalSection
	GlobalSection(ProjectConfigurationPlatforms) = postSolution
		{6A36DDB2-B4EA-4D34-9980-9E7F7D581BFF}.Debug|Any CPU.ActiveCfg = Debug|Any CPU
		{6A36DDB2-B4EA-4D34-9980-9E7F7D581BFF}.Debug|Any CPU.Build.0 = Debug|Any CPU
		{6A36DDB2-B4EA-4D34-9980-9E7F7D581BFF}.Debug|x64.ActiveCfg = Debug|Any CPU
		{6A36DDB2-B4EA-4D34-9980-9E7F7D581BFF}.Debug|x64.Build.0 = Debug|Any CPU
		{6A36DDB2-B4EA-4D34-9980-9E7F7D581BFF}.Debug|x86.ActiveCfg = Debug|Any CPU
		{6A36DDB2-B4EA-4D34-9980-9E7F7D581BFF}.Debug|x86.Build.0 = Debug|Any CPU
		{6A36DDB2-B4EA-4D34-9980-9E7F7D581BFF}.Release|Any CPU.ActiveCfg = Release|Any CPU
		{6A36DDB2-B4EA-4D34-9980-9E7F7D581BFF}.Release|Any CPU.Build.0 = Release|Any CPU
		{6A36DDB2-B4EA-4D34-9980-9E7F7D581BFF}.Release|x64.ActiveCfg = Release|Any CPU
		{6A36DDB2-B4EA-4D34-9980-9E7F7D581BFF}.Release|x64.Build.0 = Release|Any CPU
		{6A36DDB2-B4EA-4D34-9980-9E7F7D581BFF}.Release|x86.ActiveCfg = Release|Any CPU
		{6A36DDB2-B4EA-4D34-9980-9E7F7D581BFF}.Release|x86.Build.0 = Release|Any CPU
		{D974E507-C397-4828-8C71-90AF3B2DEF2B}.Debug|Any CPU.ActiveCfg = Debug|Any CPU
		{D974E507-C397-4828-8C71-90AF3B2DEF2B}.Debug|Any CPU.Build.0 = Debug|Any CPU
		{D974E507-C397-4828-8C71-90AF3B2DEF2B}.Debug|x64.ActiveCfg = Debug|Any CPU
		{D974E507-C397-4828-8C71-90AF3B2DEF2B}.Debug|x64.Build.0 = Debug|Any CPU
		{D974E507-C397-4828-8C71-90AF3B2DEF2B}.Debug|x86.ActiveCfg = Debug|Any CPU
		{D974E507-C397-4828-8C71-90AF3B2DEF2B}.Debug|x86.Build.0 = Debug|Any CPU
		{D974E507-C397-4828-8C71-90AF3B2DEF2B}.Release|Any CPU.ActiveCfg = Release|Any CPU
		{D974E507-C397-4828-8C71-90AF3B2DEF2B}.Release|Any CPU.Build.0 = Release|Any CPU
		{D974E507-C397-4828-8C71-90AF3B2DEF2B}.Release|x64.ActiveCfg = Release|Any CPU
		{D974E507-C397-4828-8C71-90AF3B2DEF2B}.Release|x64.Build.0 = Release|Any CPU
		{D974E507-C397-4828-8C71-90AF3B2DEF2B}.Release|x86.ActiveCfg = Release|Any CPU
		{D974E507-C397-4828-8C71-90AF3B2DEF2B}.Release|x86.Build.0 = Release|Any CPU
	EndGlobalSection
	GlobalSection(SolutionProperties) = preSolution
		HideSolutionNode = FALSE
	EndGlobalSection
EndGlobal
